Microsoft Visual Studio Solution File, Format Version 12.00
# Visual Studio Version 16
VisualStudioVersion = 16.0.29806.167
MinimumVisualStudioVersion = 10.0.40219.1
Project("{FAE04EC0-301F-11D3-BF4B-00C04F79EFBC}") = "Viruz", "Viruz\Viruz.csproj", "{722CE329-41A4-45C2-BAA6-C04AE46F733A}"
EndProject
Global
	GlobalSection(SolutionConfigurationPlatforms) = preSolution
		Debug|anycpu = Debug|anycpu
		Release|anycpu = Release|anycpu
	EndGlobalSection
	GlobalSection(ProjectConfigurationPlatforms) = postSolution
		{722CE329-41A4-45C2-BAA6-C04AE46F733A}.Debug|anycpu.ActiveCfg = Debug|Any CPU
		{722CE329-41A4-45C2-BAA6-C04AE46F733A}.Debug|anycpu.Build.0 = Debug|Any CPU
		{722CE329-41A4-45C2-BAA6-C04AE46F733A}.Release|anycpu.ActiveCfg = Release|Any CPU
		{722CE329-41A4-45C2-BAA6-C04AE46F733A}.Release|anycpu.Build.0 = Release|Any CPU
	EndGlobalSection
	GlobalSection(SolutionProperties) = preSolution
		HideSolutionNode = FALSE
	EndGlobalSection
	GlobalSection(ExtensibilityGlobals) = postSolution
		SolutionGuid = {BD938D73-18DC-478F-9A28-23A9ACF0A764}
	EndGlobalSection
EndGlobal
